
Microsoft Visual Studio Solution File, Format Version 12.00
# Visual Studio Version 17
VisualStudioVersion = 17.8.34330.188
MinimumVisualStudioVersion = 10.0.40219.1
Project("{9A19103F-16F7-4668-BE54-9A1E7A4F7556}") = "Oiretros", "Oiretros\Oiretros.csproj", "{4987C2F2-0F0E-48C8-BC7D-DB47F1550E6C}"
EndProject
Project("{2150E333-8FDC-42A3-9474-1A3956D46DE8}") = "1 - View", "1 - View", "{F727A453-E667-4888-BCB5-AA7DA0DEEE9C}"
EndProject
Project("{2150E333-8FDC-42A3-9474-1A3956D46DE8}") = "2 - Core", "2 - Core", "{70C6AAE7-C8FB-4F6F-B71C-46305D6D5361}"
EndProject
Project("{2150E333-8FDC-42A3-9474-1A3956D46DE8}") = "3 - Infra", "3 - Infra", "{4D72F793-FC7E-4660-87DD-C375B71B3261}"
EndProject
Project("{2150E333-8FDC-42A3-9474-1A3956D46DE8}") = "4 - Test", "4 - Test", "{5FD43E5B-EDCC-4D0D-A6BA-5949B9F35AC2}"
EndProject
Global
	GlobalSection(SolutionConfigurationPlatforms) = preSolution
		Debug|Any CPU = Debug|Any CPU
		Release|Any CPU = Release|Any CPU
	EndGlobalSection
	GlobalSection(ProjectConfigurationPlatforms) = postSolution
		{4987C2F2-0F0E-48C8-BC7D-DB47F1550E6C}.Debug|Any CPU.ActiveCfg = Debug|Any CPU
		{4987C2F2-0F0E-48C8-BC7D-DB47F1550E6C}.Debug|Any CPU.Build.0 = Debug|Any CPU
		{4987C2F2-0F0E-48C8-BC7D-DB47F1550E6C}.Release|Any CPU.ActiveCfg = Release|Any CPU
		{4987C2F2-0F0E-48C8-BC7D-DB47F1550E6C}.Release|Any CPU.Build.0 = Release|Any CPU
	EndGlobalSection
	GlobalSection(SolutionProperties) = preSolution
		HideSolutionNode = FALSE
	EndGlobalSection
	GlobalSection(NestedProjects) = preSolution
		{4987C2F2-0F0E-48C8-BC7D-DB47F1550E6C} = {F727A453-E667-4888-BCB5-AA7DA0DEEE9C}
	EndGlobalSection
	GlobalSection(ExtensibilityGlobals) = postSolution
		SolutionGuid = {E95A4529-8D1D-4503-9836-605BC9D33109}
	EndGlobalSection
EndGlobal
